
Microsoft Visual Studio Solution File, Format Version 12.00
# Visual Studio Version 17
VisualStudioVersion = 17.2.32630.192
MinimumVisualStudioVersion = 10.0.40219.1
Project("{FAE04EC0-301F-11D3-BF4B-00C04F79EFBC}") = "CRUD_MVC", "CRUD_MVC\CRUD_MVC.csproj", "{3CED8A6C-1CB5-4D07-B72A-5DAB33766E52}"
EndProject
Global
	GlobalSection(SolutionConfigurationPlatforms) = preSolution
		Debug|Any CPU = Debug|Any CPU
		Release|Any CPU = Release|Any CPU
	EndGlobalSection
	GlobalSection(ProjectConfigurationPlatforms) = postSolution
		{3CED8A6C-1CB5-4D07-B72A-5DAB33766E52}.Debug|Any CPU.ActiveCfg = Debug|Any CPU
		{3CED8A6C-1CB5-4D07-B72A-5DAB33766E52}.Debug|Any CPU.Build.0 = Debug|Any CPU
		{3CED8A6C-1CB5-4D07-B72A-5DAB33766E52}.Release|Any CPU.ActiveCfg = Release|Any CPU
		{3CED8A6C-1CB5-4D07-B72A-5DAB33766E52}.Release|Any CPU.Build.0 = Release|Any CPU
	EndGlobalSection
	GlobalSection(SolutionProperties) = preSolution
		HideSolutionNode = FALSE
	EndGlobalSection
	GlobalSection(ExtensibilityGlobals) = postSolution
		SolutionGuid = {D628DCA8-8880-4AEF-BBCD-054CD865393B}
	EndGlobalSection
EndGlobal
